
Microsoft Visual Studio Solution File, Format Version 12.00
# Visual Studio Version 17
VisualStudioVersion = 17.7.34221.43
MinimumVisualStudioVersion = 10.0.40219.1
Project("{9A19103F-16F7-4668-BE54-9A1E7A4F7556}") = "Vehicle", "Vehicle\Vehicle.csproj", "{1839B7D2-FC7D-40AE-9BAA-1FDB880B00F6}"
EndProject
Global
	GlobalSection(SolutionConfigurationPlatforms) = preSolution
		Debug|Any CPU = Debug|Any CPU
		Release|Any CPU = Release|Any CPU
	EndGlobalSection
	GlobalSection(ProjectConfigurationPlatforms) = postSolution
		{1839B7D2-FC7D-40AE-9BAA-1FDB880B00F6}.Debug|Any CPU.ActiveCfg = Debug|Any CPU
		{1839B7D2-FC7D-40AE-9BAA-1FDB880B00F6}.Debug|Any CPU.Build.0 = Debug|Any CPU
		{1839B7D2-FC7D-40AE-9BAA-1FDB880B00F6}.Release|Any CPU.ActiveCfg = Release|Any CPU
		{1839B7D2-FC7D-40AE-9BAA-1FDB880B00F6}.Release|Any CPU.Build.0 = Release|Any CPU
	EndGlobalSection
	GlobalSection(SolutionProperties) = preSolution
		HideSolutionNode = FALSE
	EndGlobalSection
	GlobalSection(ExtensibilityGlobals) = postSolution
		SolutionGuid = {07CBD155-3351-4B4F-8694-6EB684157507}
	EndGlobalSection
EndGlobal
